// !$*UTF8*$!
{
	archiveVersion = 1;
	classes = {
	};
	objectVersion = 48;
	objects = {

/* Begin PBXBuildFile section */
		63C997FB1F9DD0BA00A1A025 /* main.cpp in Sources */ = {isa = PBXBuildFile; fileRef = 63C997FA1F9DD0BA00A1A025 /* main.cpp */; };
		63C997FE1F9DD0C600A1A025 /* lubksb.cpp in Sources */ = {isa = PBXBuildFile; fileRef = 63C997FD1F9DD0C600A1A025 /* lubksb.cpp */; };
		63C998001F9DD0CA00A1A025 /* ludcmp.cpp in Sources */ = {isa = PBXBuildFile; fileRef = 63C997FF1F9DD0CA00A1A025 /* ludcmp.cpp */; };
		63C998031F9DD22300A1A025 /* rkck.cpp in Sources */ = {isa = PBXBuildFile; fileRef = 63C998021F9DD22300A1A025 /* rkck.cpp */; };
		63C998051F9DD22800A1A025 /* rkqs.cpp in Sources */ = {isa = PBXBuildFile; fileRef = 63C998041F9DD22800A1A025 /* rkqs.cpp */; };
		63C998071F9DD22D00A1A025 /* odeint.cpp in Sources */ = {isa = PBXBuildFile; fileRef = 63C998061F9DD22D00A1A025 /* odeint.cpp */; };
/* End PBXBuildFile section */

/* Begin PBXCopyFilesBuildPhase section */
		63C997EE1F9DD07700A1A025 /* CopyFiles */ = {
			isa = PBXCopyFilesBuildPhase;
			buildActionMask = 2147483647;
			dstPath = /usr/share/man/man1/;
			dstSubfolderSpec = 0;
			files = (
			);
			runOnlyForDeploymentPostprocessing = 1;
		};
/* End PBXCopyFilesBuildPhase section */

/* Begin PBXFileReference section */
		6320B051213A90440053051F /* nr.h */ = {isa = PBXFileReference; lastKnownFileType = sourcecode.c.h; path = nr.h; sourceTree = "<group>"; };
		63C997F01F9DD07700A1A025 /* twopool */ = {isa = PBXFileReference; explicitFileType = "compiled.mach-o.executable"; includeInIndex = 0; path = twopool; sourceTree = BUILT_PRODUCTS_DIR; };
		63C997FA1F9DD0BA00A1A025 /* main.cpp */ = {isa = PBXFileReference; fileEncoding = 4; lastKnownFileType = sourcecode.cpp.cpp; path = main.cpp; sourceTree = "<group>"; };
		63C997FD1F9DD0C600A1A025 /* lubksb.cpp */ = {isa = PBXFileReference; fileEncoding = 4; lastKnownFileType = sourcecode.cpp.cpp; path = lubksb.cpp; sourceTree = "<group>"; };
		63C997FF1F9DD0CA00A1A025 /* ludcmp.cpp */ = {isa = PBXFileReference; fileEncoding = 4; lastKnownFileType = sourcecode.cpp.cpp; path = ludcmp.cpp; sourceTree = "<group>"; };
		63C998021F9DD22300A1A025 /* rkck.cpp */ = {isa = PBXFileReference; fileEncoding = 4; lastKnownFileType = sourcecode.cpp.cpp; path = rkck.cpp; sourceTree = "<group>"; };
		63C998041F9DD22800A1A025 /* rkqs.cpp */ = {isa = PBXFileReference; fileEncoding = 4; lastKnownFileType = sourcecode.cpp.cpp; path = rkqs.cpp; sourceTree = "<group>"; };
		63C998061F9DD22D00A1A025 /* odeint.cpp */ = {isa = PBXFileReference; fileEncoding = 4; lastKnownFileType = sourcecode.cpp.cpp; path = odeint.cpp; sourceTree = "<group>"; };
/* End PBXFileReference section */

/* Begin PBXFrameworksBuildPhase section */
		63C997ED1F9DD07700A1A025 /* Frameworks */ = {
			isa = PBXFrameworksBuildPhase;
			buildActionMask = 2147483647;
			files = (
			);
			runOnlyForDeploymentPostprocessing = 0;
		};
/* End PBXFrameworksBuildPhase section */

/* Begin PBXGroup section */
		63C997E71F9DD07700A1A025 = {
			isa = PBXGroup;
			children = (
				63C997F21F9DD07700A1A025 /* twopool */,
				63C997F11F9DD07700A1A025 /* Products */,
			);
			sourceTree = "<group>";
		};
		63C997F11F9DD07700A1A025 /* Products */ = {
			isa = PBXGroup;
			children = (
				63C997F01F9DD07700A1A025 /* twopool */,
			);
			name = Products;
			sourceTree = "<group>";
		};
		63C997F21F9DD07700A1A025 /* twopool */ = {
			isa = PBXGroup;
			children = (
				63C997FA1F9DD0BA00A1A025 /* main.cpp */,
				6320B051213A90440053051F /* nr.h */,
				63C997FD1F9DD0C600A1A025 /* lubksb.cpp */,
				63C998021F9DD22300A1A025 /* rkck.cpp */,
				63C998041F9DD22800A1A025 /* rkqs.cpp */,
				63C998061F9DD22D00A1A025 /* odeint.cpp */,
				63C997FF1F9DD0CA00A1A025 /* ludcmp.cpp */,
			);
			path = twopool;
			sourceTree = "<group>";
		};
/* End PBXGroup section */

/* Begin PBXNativeTarget section */
		63C997EF1F9DD07700A1A025 /* twopool */ = {
			isa = PBXNativeTarget;
			buildConfigurationList = 63C997F71F9DD07700A1A025 /* Build configuration list for PBXNativeTarget "twopool" */;
			buildPhases = (
				63C997EC1F9DD07700A1A025 /* Sources */,
				63C997ED1F9DD07700A1A025 /* Frameworks */,
				63C997EE1F9DD07700A1A025 /* CopyFiles */,
			);
			buildRules = (
			);
			dependencies = (
			);
			name = twopool;
			productName = twopool;
			productReference = 63C997F01F9DD07700A1A025 /* twopool */;
			productType = "com.apple.product-type.tool";
		};
/* End PBXNativeTarget section */

/* Begin PBXProject section */
		63C997E81F9DD07700A1A025 /* Project object */ = {
			isa = PBXProject;
			attributes = {
				LastUpgradeCheck = 0900;
				ORGANIZATIONNAME = "Stefan Hallermann";
				TargetAttributes = {
					63C997EF1F9DD07700A1A025 = {
						CreatedOnToolsVersion = 9.0.1;
						ProvisioningStyle = Automatic;
					};
				};
			};
			buildConfigurationList = 63C997EB1F9DD07700A1A025 /* Build configuration list for PBXProject "twopool" */;
			compatibilityVersion = "Xcode 8.0";
			developmentRegion = en;
			hasScannedForEncodings = 0;
			knownRegions = (
				en,
			);
			mainGroup = 63C997E71F9DD07700A1A025;
			productRefGroup = 63C997F11F9DD07700A1A025 /* Products */;
			projectDirPath = "";
			projectRoot = "";
			targets = (
				63C997EF1F9DD07700A1A025 /* twopool */,
			);
		};
/* End PBXProject section */

/* Begin PBXSourcesBuildPhase section */
		63C997EC1F9DD07700A1A025 /* Sources */ = {
			isa = PBXSourcesBuildPhase;
			buildActionMask = 2147483647;
			files = (
				63C998031F9DD22300A1A025 /* rkck.cpp in Sources */,
				63C997FE1F9DD0C600A1A025 /* lubksb.cpp in Sources */,
				63C997FB1F9DD0BA00A1A025 /* main.cpp in Sources */,
				63C998051F9DD22800A1A025 /* rkqs.cpp in Sources */,
				63C998071F9DD22D00A1A025 /* odeint.cpp in Sources */,
				63C998001F9DD0CA00A1A025 /* ludcmp.cpp in Sources */,
			);
			runOnlyForDeploymentPostprocessing = 0;
		};
/* End PBXSourcesBuildPhase section */

/* Begin XCBuildConfiguration section */
		63C997F51F9DD07700A1A025 /* Debug */ = {
			isa = XCBuildConfiguration;
			buildSettings = {
				ALWAYS_SEARCH_USER_PATHS = NO;
				CLANG_ANALYZER_NONNULL = YES;
				CLANG_ANALYZER_NUMBER_OBJECT_CONVERSION = YES_AGGRESSIVE;
				CLANG_CXX_LANGUAGE_STANDARD = "gnu++14";
				CLANG_CXX_LIBRARY = "libc++";
				CLANG_ENABLE_MODULES = YES;
				CLANG_ENABLE_OBJC_ARC = YES;
				CLANG_WARN_BLOCK_CAPTURE_AUTORELEASING = YES;
				CLANG_WARN_BOOL_CONVERSION = YES;
				CLANG_WARN_COMMA = YES;
				CLANG_WARN_CONSTANT_CONVERSION = YES;
				CLANG_WARN_DIRECT_OBJC_ISA_USAGE = YES_ERROR;
				CLANG_WARN_DOCUMENTATION_COMMENTS = YES;
				CLANG_WARN_EMPTY_BODY = YES;
				CLANG_WARN_ENUM_CONVERSION = YES;
				CLANG_WARN_INFINITE_RECURSION = YES;
				CLANG_WARN_INT_CONVERSION = YES;
				CLANG_WARN_NON_LITERAL_NULL_CONVERSION = YES;
				CLANG_WARN_OBJC_LITERAL_CONVERSION = YES;
				CLANG_WARN_OBJC_ROOT_CLASS = YES_ERROR;
				CLANG_WARN_RANGE_LOOP_ANALYSIS = YES;
				CLANG_WARN_STRICT_PROTOTYPES = YES;
				CLANG_WARN_SUSPICIOUS_MOVE = YES;
				CLANG_WARN_UNGUARDED_AVAILABILITY = YES_AGGRESSIVE;
				CLANG_WARN_UNREACHABLE_CODE = YES;
				CLANG_WARN__DUPLICATE_METHOD_MATCH = YES;
				CODE_SIGN_IDENTITY = "-";
				COPY_PHASE_STRIP = NO;
				DEBUG_INFORMATION_FORMAT = dwarf;
				ENABLE_STRICT_OBJC_MSGSEND = YES;
				ENABLE_TESTABILITY = YES;
				GCC_C_LANGUAGE_STANDARD = gnu11;
				GCC_DYNAMIC_NO_PIC = NO;
				GCC_NO_COMMON_BLOCKS = YES;
				GCC_OPTIMIZATION_LEVEL = 0;
				GCC_PREPROCESSOR_DEFINITIONS = (
					"DEBUG=1",
					"$(inherited)",
				);
				GCC_WARN_64_TO_32_BIT_CONVERSION = YES;
				GCC_WARN_ABOUT_RETURN_TYPE = YES_ERROR;
				GCC_WARN_UNDECLARED_SELECTOR = YES;
				GCC_WARN_UNINITIALIZED_AUTOS = YES_AGGRESSIVE;
				GCC_WARN_UNUSED_FUNCTION = YES;
				GCC_WARN_UNUSED_VARIABLE = YES;
				MACOSX_DEPLOYMENT_TARGET = 10.12;
				MTL_ENABLE_DEBUG_INFO = YES;
				ONLY_ACTIVE_ARCH = YES;
				SDKROOT = macosx;
			};
			name = Debug;
		};
		63C997F61F9DD07700A1A025 /* Release */ = {
			isa = XCBuildConfiguration;
			buildSettings = {
				ALWAYS_SEARCH_USER_PATHS = NO;
				CLANG_ANALYZER_NONNULL = YES;
				CLANG_ANALYZER_NUMBER_OBJECT_CONVERSION = YES_AGGRESSIVE;
				CLANG_CXX_LANGUAGE_STANDARD = "gnu++14";
				CLANG_CXX_LIBRARY = "libc++";
				CLANG_ENABLE_MODULES = YES;
				CLANG_ENABLE_OBJC_ARC = YES;
				CLANG_WARN_BLOCK_CAPTURE_AUTORELEASING = YES;
				CLANG_WARN_BOOL_CONVERSION = YES;
				CLANG_WARN_COMMA = YES;
				CLANG_WARN_CONSTANT_CONVERSION = YES;
				CLANG_WARN_DIRECT_OBJC_ISA_USAGE = YES_ERROR;
				CLANG_WARN_DOCUMENTATION_COMMENTS = YES;
				CLANG_WARN_EMPTY_BODY = YES;
				CLANG_WARN_ENUM_CONVERSION = YES;
				CLANG_WARN_INFINITE_RECURSION = YES;
				CLANG_WARN_INT_CONVERSION = YES;
				CLANG_WARN_NON_LITERAL_NULL_CONVERSION = YES;
				CLANG_WARN_OBJC_LITERAL_CONVERSION = YES;
				CLANG_WARN_OBJC_ROOT_CLASS = YES_ERROR;
				CLANG_WARN_RANGE_LOOP_ANALYSIS = YES;
				CLANG_WARN_STRICT_PROTOTYPES = YES;
				CLANG_WARN_SUSPICIOUS_MOVE = YES;
				CLANG_WARN_UNGUARDED_AVAILABILITY = YES_AGGRESSIVE;
				CLANG_WARN_UNREACHABLE_CODE = YES;
				CLANG_WARN__DUPLICATE_METHOD_MATCH = YES;
				CODE_SIGN_IDENTITY = "-";
				COPY_PHASE_STRIP = NO;
				DEBUG_INFORMATION_FORMAT = "dwarf-with-dsym";
				ENABLE_NS_ASSERTIONS = NO;
				ENABLE_STRICT_OBJC_MSGSEND = YES;
				GCC_C_LANGUAGE_STANDARD = gnu11;
				GCC_NO_COMMON_BLOCKS = YES;
				GCC_WARN_64_TO_32_BIT_CONVERSION = YES;
				GCC_WARN_ABOUT_RETURN_TYPE = YES_ERROR;
				GCC_WARN_UNDECLARED_SELECTOR = YES;
				GCC_WARN_UNINITIALIZED_AUTOS = YES_AGGRESSIVE;
				GCC_WARN_UNUSED_FUNCTION = YES;
				GCC_WARN_UNUSED_VARIABLE = YES;
				MACOSX_DEPLOYMENT_TARGET = 10.12;
				MTL_ENABLE_DEBUG_INFO = NO;
				SDKROOT = macosx;
			};
			name = Release;
		};
		63C997F81F9DD07700A1A025 /* Debug */ = {
			isa = XCBuildConfiguration;
			buildSettings = {
				CODE_SIGN_STYLE = Automatic;
				PRODUCT_NAME = "$(TARGET_NAME)";
			};
			name = Debug;
		};
		63C997F91F9DD07700A1A025 /* Release */ = {
			isa = XCBuildConfiguration;
			buildSettings = {
				CODE_SIGN_STYLE = Automatic;
				PRODUCT_NAME = "$(TARGET_NAME)";
			};
			name = Release;
		};
/* End XCBuildConfiguration section */

/* Begin XCConfigurationList section */
		63C997EB1F9DD07700A1A025 /* Build configuration list for PBXProject "twopool" */ = {
			isa = XCConfigurationList;
			buildConfigurations = (
				63C997F51F9DD07700A1A025 /* Debug */,
				63C997F61F9DD07700A1A025 /* Release */,
			);
			defaultConfigurationIsVisible = 0;
			defaultConfigurationName = Release;
		};
		63C997F71F9DD07700A1A025 /* Build configuration list for PBXNativeTarget "twopool" */ = {
			isa = XCConfigurationList;
			buildConfigurations = (
				63C997F81F9DD07700A1A025 /* Debug */,
				63C997F91F9DD07700A1A025 /* Release */,
			);
			defaultConfigurationIsVisible = 0;
			defaultConfigurationName = Release;
		};
/* End XCConfigurationList section */
	};
	rootObject = 63C997E81F9DD07700A1A025 /* Project object */;
}
